// !$*UTF8*$!
{
	archiveVersion = 1;
	classes = {
	};
	objectVersion = 52;
	objects = {

/* Begin PBXBuildFile section */
		7006721824F4235600BA0A28 /* CreateGosspViewController.swift in Sources */ = {isa = PBXBuildFile; fileRef = 7006721724F4235600BA0A28 /* CreateGosspViewController.swift */; };
		7006721A24F4237700BA0A28 /* ShowGosspDetailsViewController.swift in Sources */ = {isa = PBXBuildFile; fileRef = 7006721924F4237700BA0A28 /* ShowGosspDetailsViewController.swift */; };
		7015868D24F1ABDA00497839 /* LocationGosspsTableViewController.swift in Sources */ = {isa = PBXBuildFile; fileRef = 704725CA24E1C31A00A5782D /* LocationGosspsTableViewController.swift */; };
		7039B0E724E32D2E00EDCB35 /* NotificationService.swift in Sources */ = {isa = PBXBuildFile; fileRef = 7039B0E624E32D2E00EDCB35 /* NotificationService.swift */; };
		7039B0EB24E32D2E00EDCB35 /* OneSignalNotificationServiceExtension.appex in Embed App Extensions */ = {isa = PBXBuildFile; fileRef = 7039B0E424E32D2E00EDCB35 /* OneSignalNotificationServiceExtension.appex */; settings = {ATTRIBUTES = (RemoveHeadersOnCopy, ); }; };
		703C43DC24D7314C003B1B50 /* Global.swift in Sources */ = {isa = PBXBuildFile; fileRef = 703C43DB24D7314C003B1B50 /* Global.swift */; };
		703C43DE24D7316C003B1B50 /* Extentions.swift in Sources */ = {isa = PBXBuildFile; fileRef = 703C43DD24D7316C003B1B50 /* Extentions.swift */; };
		704725C924E1C2BA00A5782D /* GosspTableViewCell.swift in Sources */ = {isa = PBXBuildFile; fileRef = 704725C824E1C2BA00A5782D /* GosspTableViewCell.swift */; };
		7049E3E024E01F3C0042A769 /* PhoneLoginViewController.swift in Sources */ = {isa = PBXBuildFile; fileRef = 7049E3DF24E01F3C0042A769 /* PhoneLoginViewController.swift */; };
		7062D1D324E183EB007992D9 /* LocationsListCellTableViewCell.swift in Sources */ = {isa = PBXBuildFile; fileRef = 7062D1D224E183EB007992D9 /* LocationsListCellTableViewCell.swift */; };
		70635B6F24D725A60032F072 /* AppDelegate.swift in Sources */ = {isa = PBXBuildFile; fileRef = 70635B6E24D725A60032F072 /* AppDelegate.swift */; };
		70635B7624D725A60032F072 /* Main.storyboard in Resources */ = {isa = PBXBuildFile; fileRef = 70635B7424D725A60032F072 /* Main.storyboard */; };
		70635B7824D725AD0032F072 /* Assets.xcassets in Resources */ = {isa = PBXBuildFile; fileRef = 70635B7724D725AD0032F072 /* Assets.xcassets */; };
		70635B7B24D725AD0032F072 /* LaunchScreen.storyboard in Resources */ = {isa = PBXBuildFile; fileRef = 70635B7924D725AD0032F072 /* LaunchScreen.storyboard */; };
		70635B8324D7292E0032F072 /* MapViewController.swift in Sources */ = {isa = PBXBuildFile; fileRef = 70635B8224D7292D0032F072 /* MapViewController.swift */; };
		7076AC0924D821180046103C /* PrivateSDKKeys.swift in Sources */ = {isa = PBXBuildFile; fileRef = 7076AC0824D821180046103C /* PrivateSDKKeys.swift */; };
		70800D0A24F98BA600B3942D /* TagableListScrollView.swift in Sources */ = {isa = PBXBuildFile; fileRef = 70800D0924F98BA600B3942D /* TagableListScrollView.swift */; };
		708F496424E1DAB10050A828 /* VouchingViewController.swift in Sources */ = {isa = PBXBuildFile; fileRef = 708F496324E1DAB10050A828 /* VouchingViewController.swift */; };
		708F496624E1DAE00050A828 /* AddLocationTableViewCell.swift in Sources */ = {isa = PBXBuildFile; fileRef = 708F496524E1DAE00050A828 /* AddLocationTableViewCell.swift */; };
		7095921C24F835E800C79354 /* MarqueeLabel in Frameworks */ = {isa = PBXBuildFile; productRef = 7095921B24F835E800C79354 /* MarqueeLabel */; };
		709E34E524E00A39003C1116 /* GoogleService-Info.plist in Resources */ = {isa = PBXBuildFile; fileRef = 709E34E424E00A39003C1116 /* GoogleService-Info.plist */; };
		70B280E924E5F89D00DA6127 /* mapStyle.json in Resources */ = {isa = PBXBuildFile; fileRef = 70B280E824E5F89D00DA6127 /* mapStyle.json */; };
		70D7621524ED2FC4001604C0 /* CircularProgressView in Frameworks */ = {isa = PBXBuildFile; productRef = 70D7621424ED2FC4001604C0 /* CircularProgressView */; };
		70DCA3C4250E8F5900C8032C /* SettingsViewController.swift in Sources */ = {isa = PBXBuildFile; fileRef = 70635B8824D729F00032F072 /* SettingsViewController.swift */; };
		70DEFA0124F2B4AA00D0B210 /* NoContextView.xib in Resources */ = {isa = PBXBuildFile; fileRef = 70DEFA0024F2B4A900D0B210 /* NoContextView.xib */; };
		81FA8356B707F5F8327342F4 /* Pods_Gossp.framework in Frameworks */ = {isa = PBXBuildFile; fileRef = E29827A3B4C186673D7EF650 /* Pods_Gossp.framework */; };
		85D3758F06953608375F1660 /* Pods_OneSignalNotificationServiceExtension.framework in Frameworks */ = {isa = PBXBuildFile; fileRef = 0F94D6FF752E96685897207B /* Pods_OneSignalNotificationServiceExtension.framework */; };
/* End PBXBuildFile section */

/* Begin PBXContainerItemProxy section */
		7039B0E924E32D2E00EDCB35 /* PBXContainerItemProxy */ = {
			isa = PBXContainerItemProxy;
			containerPortal = 70635B6324D725A60032F072 /* Project object */;
			proxyType = 1;
			remoteGlobalIDString = 7039B0E324E32D2E00EDCB35;
			remoteInfo = OneSignalNotificationServiceExtension;
		};
/* End PBXContainerItemProxy section */

/* Begin PBXCopyFilesBuildPhase section */
		7039B0EC24E32D2E00EDCB35 /* Embed App Extensions */ = {
			isa = PBXCopyFilesBuildPhase;
			buildActionMask = 2147483647;
			dstPath = "";
			dstSubfolderSpec = 13;
			files = (
				7039B0EB24E32D2E00EDCB35 /* OneSignalNotificationServiceExtension.appex in Embed App Extensions */,
			);
			name = "Embed App Extensions";
			runOnlyForDeploymentPostprocessing = 0;
		};
/* End PBXCopyFilesBuildPhase section */

/* Begin PBXFileReference section */
		0F94D6FF752E96685897207B /* Pods_OneSignalNotificationServiceExtension.framework */ = {isa = PBXFileReference; explicitFileType = wrapper.framework; includeInIndex = 0; path = Pods_OneSignalNotificationServiceExtension.framework; sourceTree = BUILT_PRODUCTS_DIR; };
		1CD882CD4F288D4723DCFD39 /* Pods-Gossp.release.xcconfig */ = {isa = PBXFileReference; includeInIndex = 1; lastKnownFileType = text.xcconfig; name = "Pods-Gossp.release.xcconfig"; path = "Target Support Files/Pods-Gossp/Pods-Gossp.release.xcconfig"; sourceTree = "<group>"; };
		7006721724F4235600BA0A28 /* CreateGosspViewController.swift */ = {isa = PBXFileReference; lastKnownFileType = sourcecode.swift; path = CreateGosspViewController.swift; sourceTree = "<group>"; };
		7006721924F4237700BA0A28 /* ShowGosspDetailsViewController.swift */ = {isa = PBXFileReference; lastKnownFileType = sourcecode.swift; path = ShowGosspDetailsViewController.swift; sourceTree = "<group>"; };
		7039B0E424E32D2E00EDCB35 /* OneSignalNotificationServiceExtension.appex */ = {isa = PBXFileReference; explicitFileType = "wrapper.app-extension"; includeInIndex = 0; path = OneSignalNotificationServiceExtension.appex; sourceTree = BUILT_PRODUCTS_DIR; };
		7039B0E624E32D2E00EDCB35 /* NotificationService.swift */ = {isa = PBXFileReference; lastKnownFileType = sourcecode.swift; path = NotificationService.swift; sourceTree = "<group>"; };
		7039B0E824E32D2E00EDCB35 /* Info.plist */ = {isa = PBXFileReference; lastKnownFileType = text.plist.xml; path = Info.plist; sourceTree = "<group>"; };
		703C43D924D72FEC003B1B50 /* MapKit.framework */ = {isa = PBXFileReference; lastKnownFileType = wrapper.framework; name = MapKit.framework; path = System/Library/Frameworks/MapKit.framework; sourceTree = SDKROOT; };
		703C43DB24D7314C003B1B50 /* Global.swift */ = {isa = PBXFileReference; lastKnownFileType = sourcecode.swift; path = Global.swift; sourceTree = SOURCE_ROOT; };
		703C43DD24D7316C003B1B50 /* Extentions.swift */ = {isa = PBXFileReference; lastKnownFileType = sourcecode.swift; path = Extentions.swift; sourceTree = "<group>"; };
		704725C824E1C2BA00A5782D /* GosspTableViewCell.swift */ = {isa = PBXFileReference; lastKnownFileType = sourcecode.swift; path = GosspTableViewCell.swift; sourceTree = "<group>"; };
		704725CA24E1C31A00A5782D /* LocationGosspsTableViewController.swift */ = {isa = PBXFileReference; lastKnownFileType = sourcecode.swift; path = LocationGosspsTableViewController.swift; sourceTree = "<group>"; };
		7049E3DE24E017870042A769 /* Gossp.entitlements */ = {isa = PBXFileReference; lastKnownFileType = text.plist.entitlements; path = Gossp.entitlements; sourceTree = "<group>"; };
		7049E3DF24E01F3C0042A769 /* PhoneLoginViewController.swift */ = {isa = PBXFileReference; lastKnownFileType = sourcecode.swift; path = PhoneLoginViewController.swift; sourceTree = "<group>"; };
		7062D1D024E18119007992D9 /* SocialViewController.swift */ = {isa = PBXFileReference; lastKnownFileType = sourcecode.swift; path = SocialViewController.swift; sourceTree = "<group>"; };
		7062D1D224E183EB007992D9 /* LocationsListCellTableViewCell.swift */ = {isa = PBXFileReference; lastKnownFileType = sourcecode.swift; name = LocationsListCellTableViewCell.swift; path = /Users/kaankaray/Developer/Xcode/Gossp/Gossp/SettingsView/LocationsListCellTableViewCell.swift; sourceTree = "<absolute>"; };
		70635B6B24D725A60032F072 /* Gossp.app */ = {isa = PBXFileReference; explicitFileType = wrapper.application; includeInIndex = 0; path = Gossp.app; sourceTree = BUILT_PRODUCTS_DIR; };
		70635B6E24D725A60032F072 /* AppDelegate.swift */ = {isa = PBXFileReference; lastKnownFileType = sourcecode.swift; path = AppDelegate.swift; sourceTree = "<group>"; };
		70635B7524D725A60032F072 /* Base */ = {isa = PBXFileReference; lastKnownFileType = file.storyboard; name = Base; path = Base.lproj/Main.storyboard; sourceTree = "<group>"; };
		70635B7724D725AD0032F072 /* Assets.xcassets */ = {isa = PBXFileReference; lastKnownFileType = folder.assetcatalog; path = Assets.xcassets; sourceTree = "<group>"; };
		70635B7A24D725AD0032F072 /* Base */ = {isa = PBXFileReference; lastKnownFileType = file.storyboard; name = Base; path = Base.lproj/LaunchScreen.storyboard; sourceTree = "<group>"; };
		70635B7C24D725AD0032F072 /* Info.plist */ = {isa = PBXFileReference; lastKnownFileType = text.plist.xml; path = Info.plist; sourceTree = "<group>"; };
		70635B8224D7292D0032F072 /* MapViewController.swift */ = {isa = PBXFileReference; lastKnownFileType = sourcecode.swift; path = MapViewController.swift; sourceTree = "<group>"; };
		70635B8824D729F00032F072 /* SettingsViewController.swift */ = {isa = PBXFileReference; lastKnownFileType = sourcecode.swift; path = SettingsViewController.swift; sourceTree = "<group>"; };
		7076AC0824D821180046103C /* PrivateSDKKeys.swift */ = {isa = PBXFileReference; lastKnownFileType = sourcecode.swift; path = PrivateSDKKeys.swift; sourceTree = "<group>"; };
		70800D0924F98BA600B3942D /* TagableListScrollView.swift */ = {isa = PBXFileReference; lastKnownFileType = sourcecode.swift; path = TagableListScrollView.swift; sourceTree = "<group>"; };
		708F496324E1DAB10050A828 /* VouchingViewController.swift */ = {isa = PBXFileReference; lastKnownFileType = sourcecode.swift; path = VouchingViewController.swift; sourceTree = "<group>"; };
		708F496524E1DAE00050A828 /* AddLocationTableViewCell.swift */ = {isa = PBXFileReference; lastKnownFileType = sourcecode.swift; name = AddLocationTableViewCell.swift; path = /Users/kaankaray/Developer/Xcode/Gossp/Gossp/MapView/AddLocationTableViewCell.swift; sourceTree = "<absolute>"; };
		709E34E424E00A39003C1116 /* GoogleService-Info.plist */ = {isa = PBXFileReference; fileEncoding = 4; lastKnownFileType = text.plist.xml; path = "GoogleService-Info.plist"; sourceTree = "<group>"; };
		70B280E824E5F89D00DA6127 /* mapStyle.json */ = {isa = PBXFileReference; fileEncoding = 4; lastKnownFileType = text.json; path = mapStyle.json; sourceTree = "<group>"; };
		70DEFA0024F2B4A900D0B210 /* NoContextView.xib */ = {isa = PBXFileReference; lastKnownFileType = file.xib; path = NoContextView.xib; sourceTree = "<group>"; };
		8150F463EBB9DB9D11E493A6 /* Pods-OneSignalNotificationServiceExtension.debug.xcconfig */ = {isa = PBXFileReference; includeInIndex = 1; lastKnownFileType = text.xcconfig; name = "Pods-OneSignalNotificationServiceExtension.debug.xcconfig"; path = "Target Support Files/Pods-OneSignalNotificationServiceExtension/Pods-OneSignalNotificationServiceExtension.debug.xcconfig"; sourceTree = "<group>"; };
		C67DDAC3F7F362333BAED061 /* Pods-Gossp.debug.xcconfig */ = {isa = PBXFileReference; includeInIndex = 1; lastKnownFileType = text.xcconfig; name = "Pods-Gossp.debug.xcconfig"; path = "Target Support Files/Pods-Gossp/Pods-Gossp.debug.xcconfig"; sourceTree = "<group>"; };
		E29827A3B4C186673D7EF650 /* Pods_Gossp.framework */ = {isa = PBXFileReference; explicitFileType = wrapper.framework; includeInIndex = 0; path = Pods_Gossp.framework; sourceTree = BUILT_PRODUCTS_DIR; };
		F9973746945927C6F89EB1F7 /* Pods-OneSignalNotificationServiceExtension.release.xcconfig */ = {isa = PBXFileReference; includeInIndex = 1; lastKnownFileType = text.xcconfig; name = "Pods-OneSignalNotificationServiceExtension.release.xcconfig"; path = "Target Support Files/Pods-OneSignalNotificationServiceExtension/Pods-OneSignalNotificationServiceExtension.release.xcconfig"; sourceTree = "<group>"; };
/* End PBXFileReference section */

/* Begin PBXFrameworksBuildPhase section */
		7039B0E124E32D2E00EDCB35 /* Frameworks */ = {
			isa = PBXFrameworksBuildPhase;
			buildActionMask = 2147483647;
			files = (
				85D3758F06953608375F1660 /* Pods_OneSignalNotificationServiceExtension.framework in Frameworks */,
			);
			runOnlyForDeploymentPostprocessing = 0;
		};
		70635B6824D725A60032F072 /* Frameworks */ = {
			isa = PBXFrameworksBuildPhase;
			buildActionMask = 2147483647;
			files = (
				81FA8356B707F5F8327342F4 /* Pods_Gossp.framework in Frameworks */,
				70D7621524ED2FC4001604C0 /* CircularProgressView in Frameworks */,
				7095921C24F835E800C79354 /* MarqueeLabel in Frameworks */,
			);
			runOnlyForDeploymentPostprocessing = 0;
		};
/* End PBXFrameworksBuildPhase section */

/* Begin PBXGroup section */
		7015868C24F1AB6400497839 /* Vouching */ = {
			isa = PBXGroup;
			children = (
				708F496324E1DAB10050A828 /* VouchingViewController.swift */,
				708F496524E1DAE00050A828 /* AddLocationTableViewCell.swift */,
			);
			path = Vouching;
			sourceTree = "<group>";
		};
		7015868E24F1ABDE00497839 /* GosspFeedView */ = {
			isa = PBXGroup;
			children = (
				704725CA24E1C31A00A5782D /* LocationGosspsTableViewController.swift */,
				704725C824E1C2BA00A5782D /* GosspTableViewCell.swift */,
				7006721724F4235600BA0A28 /* CreateGosspViewController.swift */,
				7006721924F4237700BA0A28 /* ShowGosspDetailsViewController.swift */,
				70800D0924F98BA600B3942D /* TagableListScrollView.swift */,
			);
			path = GosspFeedView;
			sourceTree = "<group>";
		};
		7039B0E524E32D2E00EDCB35 /* OneSignalNotificationServiceExtension */ = {
			isa = PBXGroup;
			children = (
				7039B0E624E32D2E00EDCB35 /* NotificationService.swift */,
				7039B0E824E32D2E00EDCB35 /* Info.plist */,
			);
			path = OneSignalNotificationServiceExtension;
			sourceTree = "<group>";
		};
		703C43D824D72FEC003B1B50 /* Frameworks */ = {
			isa = PBXGroup;
			children = (
				703C43D924D72FEC003B1B50 /* MapKit.framework */,
				E29827A3B4C186673D7EF650 /* Pods_Gossp.framework */,
				0F94D6FF752E96685897207B /* Pods_OneSignalNotificationServiceExtension.framework */,
			);
			name = Frameworks;
			sourceTree = "<group>";
		};
		7049E3DD24E013DF0042A769 /* Private */ = {
			isa = PBXGroup;
			children = (
				7076AC0824D821180046103C /* PrivateSDKKeys.swift */,
				709E34E424E00A39003C1116 /* GoogleService-Info.plist */,
			);
			path = Private;
			sourceTree = "<group>";
		};
		70635B6224D725A60032F072 = {
			isa = PBXGroup;
			children = (
				7049E3DD24E013DF0042A769 /* Private */,
				703C43DB24D7314C003B1B50 /* Global.swift */,
				70635B6D24D725A60032F072 /* Gossp */,
				7039B0E524E32D2E00EDCB35 /* OneSignalNotificationServiceExtension */,
				70635B6C24D725A60032F072 /* Products */,
				703C43D824D72FEC003B1B50 /* Frameworks */,
				F98ECEE7730FECEBD8FFAEC3 /* Pods */,
			);
			sourceTree = "<group>";
		};
		70635B6C24D725A60032F072 /* Products */ = {
			isa = PBXGroup;
			children = (
				70635B6B24D725A60032F072 /* Gossp.app */,
				7039B0E424E32D2E00EDCB35 /* OneSignalNotificationServiceExtension.appex */,
			);
			name = Products;
			sourceTree = "<group>";
		};
		70635B6D24D725A60032F072 /* Gossp */ = {
			isa = PBXGroup;
			children = (
				7049E3DE24E017870042A769 /* Gossp.entitlements */,
				70635B6E24D725A60032F072 /* AppDelegate.swift */,
				703C43DD24D7316C003B1B50 /* Extentions.swift */,
				7049E3DF24E01F3C0042A769 /* PhoneLoginViewController.swift */,
				70635B8A24D729FD0032F072 /* MapView */,
				7082737A24D72AAA00952CDD /* SocialView */,
				7082737B24D72AAF00952CDD /* SettingsView */,
				70635B7724D725AD0032F072 /* Assets.xcassets */,
				70635B7424D725A60032F072 /* Main.storyboard */,
				70DEFA0024F2B4A900D0B210 /* NoContextView.xib */,
				70635B7924D725AD0032F072 /* LaunchScreen.storyboard */,
				70635B7C24D725AD0032F072 /* Info.plist */,
				70B280E824E5F89D00DA6127 /* mapStyle.json */,
			);
			path = Gossp;
			sourceTree = "<group>";
		};
		70635B8A24D729FD0032F072 /* MapView */ = {
			isa = PBXGroup;
			children = (
				70635B8224D7292D0032F072 /* MapViewController.swift */,
				7062D1D224E183EB007992D9 /* LocationsListCellTableViewCell.swift */,
				7015868C24F1AB6400497839 /* Vouching */,
				7015868E24F1ABDE00497839 /* GosspFeedView */,
			);
			path = MapView;
			sourceTree = "<group>";
		};
		7082737A24D72AAA00952CDD /* SocialView */ = {
			isa = PBXGroup;
			children = (
				7062D1D024E18119007992D9 /* SocialViewController.swift */,
			);
			path = SocialView;
			sourceTree = "<group>";
		};
		7082737B24D72AAF00952CDD /* SettingsView */ = {
			isa = PBXGroup;
			children = (
				70635B8824D729F00032F072 /* SettingsViewController.swift */,
			);
			path = SettingsView;
			sourceTree = "<group>";
		};
		F98ECEE7730FECEBD8FFAEC3 /* Pods */ = {
			isa = PBXGroup;
			children = (
				C67DDAC3F7F362333BAED061 /* Pods-Gossp.debug.xcconfig */,
				1CD882CD4F288D4723DCFD39 /* Pods-Gossp.release.xcconfig */,
				8150F463EBB9DB9D11E493A6 /* Pods-OneSignalNotificationServiceExtension.debug.xcconfig */,
				F9973746945927C6F89EB1F7 /* Pods-OneSignalNotificationServiceExtension.release.xcconfig */,
			);
			path = Pods;
			sourceTree = "<group>";
		};
/* End PBXGroup section */

/* Begin PBXNativeTarget section */
		7039B0E324E32D2E00EDCB35 /* OneSignalNotificationServiceExtension */ = {
			isa = PBXNativeTarget;
			buildConfigurationList = 7039B0EF24E32D2E00EDCB35 /* Build configuration list for PBXNativeTarget "OneSignalNotificationServiceExtension" */;
			buildPhases = (
				34132545B7C2E4D20CAFBB6E /* [CP] Check Pods Manifest.lock */,
				7039B0E024E32D2E00EDCB35 /* Sources */,
				7039B0E124E32D2E00EDCB35 /* Frameworks */,
				7039B0E224E32D2E00EDCB35 /* Resources */,
			);
			buildRules = (
			);
			dependencies = (
			);
			name = OneSignalNotificationServiceExtension;
			productName = OneSignalNotificationServiceExtension;
			productReference = 7039B0E424E32D2E00EDCB35 /* OneSignalNotificationServiceExtension.appex */;
			productType = "com.apple.product-type.app-extension";
		};
		70635B6A24D725A60032F072 /* Gossp */ = {
			isa = PBXNativeTarget;
			buildConfigurationList = 70635B7F24D725AD0032F072 /* Build configuration list for PBXNativeTarget "Gossp" */;
			buildPhases = (
				FC5422B7096419B4534FB1E5 /* [CP] Check Pods Manifest.lock */,
				70635B6724D725A60032F072 /* Sources */,
				70635B6824D725A60032F072 /* Frameworks */,
				70635B6924D725A60032F072 /* Resources */,
				B941EBB62043A836450B094A /* [CP] Embed Pods Frameworks */,
				7D489839DAB733FE5AEEA7F2 /* [CP] Copy Pods Resources */,
				709E34E324DFEC4B003C1116 /* ShellScript */,
				7039B0EC24E32D2E00EDCB35 /* Embed App Extensions */,
			);
			buildRules = (
			);
			dependencies = (
				7039B0EA24E32D2E00EDCB35 /* PBXTargetDependency */,
			);
			name = Gossp;
			packageProductDependencies = (
				70D7621424ED2FC4001604C0 /* CircularProgressView */,
				7095921B24F835E800C79354 /* MarqueeLabel */,
			);
			productName = Gossp;
			productReference = 70635B6B24D725A60032F072 /* Gossp.app */;
			productType = "com.apple.product-type.application";
		};
/* End PBXNativeTarget section */

/* Begin PBXProject section */
		70635B6324D725A60032F072 /* Project object */ = {
			isa = PBXProject;
			attributes = {
				LastSwiftUpdateCheck = 1160;
				LastUpgradeCheck = 1150;
				ORGANIZATIONNAME = "Kaan Karay";
				TargetAttributes = {
					7039B0E324E32D2E00EDCB35 = {
						CreatedOnToolsVersion = 11.6;
					};
					70635B6A24D725A60032F072 = {
						CreatedOnToolsVersion = 11.5;
					};
				};
			};
			buildConfigurationList = 70635B6624D725A60032F072 /* Build configuration list for PBXProject "Gossp" */;
			compatibilityVersion = "Xcode 9.3";
			developmentRegion = en;
			hasScannedForEncodings = 0;
			knownRegions = (
				en,
				Base,
			);
			mainGroup = 70635B6224D725A60032F072;
			packageReferences = (
				70D7621324ED2FC4001604C0 /* XCRemoteSwiftPackageReference "CircularProgressView" */,
				7095921A24F835E800C79354 /* XCRemoteSwiftPackageReference "MarqueeLabel" */,
			);
			productRefGroup = 70635B6C24D725A60032F072 /* Products */;
			projectDirPath = "";
			projectRoot = "";
			targets = (
				70635B6A24D725A60032F072 /* Gossp */,
				7039B0E324E32D2E00EDCB35 /* OneSignalNotificationServiceExtension */,
			);
		};
/* End PBXProject section */

/* Begin PBXResourcesBuildPhase section */
		7039B0E224E32D2E00EDCB35 /* Resources */ = {
			isa = PBXResourcesBuildPhase;
			buildActionMask = 2147483647;
			files = (
			);
			runOnlyForDeploymentPostprocessing = 0;
		};
		70635B6924D725A60032F072 /* Resources */ = {
			isa = PBXResourcesBuildPhase;
			buildActionMask = 2147483647;
			files = (
				70635B7B24D725AD0032F072 /* LaunchScreen.storyboard in Resources */,
				709E34E524E00A39003C1116 /* GoogleService-Info.plist in Resources */,
				70635B7824D725AD0032F072 /* Assets.xcassets in Resources */,
				70B280E924E5F89D00DA6127 /* mapStyle.json in Resources */,
				70635B7624D725A60032F072 /* Main.storyboard in Resources */,
				70DEFA0124F2B4AA00D0B210 /* NoContextView.xib in Resources */,
			);
			runOnlyForDeploymentPostprocessing = 0;
		};
/* End PBXResourcesBuildPhase section */

/* Begin PBXShellScriptBuildPhase section */
		34132545B7C2E4D20CAFBB6E /* [CP] Check Pods Manifest.lock */ = {
			isa = PBXShellScriptBuildPhase;
			buildActionMask = 2147483647;
			files = (
			);
			inputFileListPaths = (
			);
			inputPaths = (
				"${PODS_PODFILE_DIR_PATH}/Podfile.lock",
				"${PODS_ROOT}/Manifest.lock",
			);
			name = "[CP] Check Pods Manifest.lock";
			outputFileListPaths = (
			);
			outputPaths = (
				"$(DERIVED_FILE_DIR)/Pods-OneSignalNotificationServiceExtension-checkManifestLockResult.txt",
			);
			runOnlyForDeploymentPostprocessing = 0;
			shellPath = /bin/sh;
			shellScript = "diff \"${PODS_PODFILE_DIR_PATH}/Podfile.lock\" \"${PODS_ROOT}/Manifest.lock\" > /dev/null\nif [ $? != 0 ] ; then\n    # print error to STDERR\n    echo \"error: The sandbox is not in sync with the Podfile.lock. Run 'pod install' or update your CocoaPods installation.\" >&2\n    exit 1\nfi\n# This output is used by Xcode 'outputs' to avoid re-running this script phase.\necho \"SUCCESS\" > \"${SCRIPT_OUTPUT_FILE_0}\"\n";
			showEnvVarsInLog = 0;
		};
		709E34E324DFEC4B003C1116 /* ShellScript */ = {
			isa = PBXShellScriptBuildPhase;
			buildActionMask = 2147483647;
			files = (
			);
			inputFileListPaths = (
			);
			inputPaths = (
			);
			outputFileListPaths = (
			);
			outputPaths = (
			);
			runOnlyForDeploymentPostprocessing = 0;
			shellPath = /bin/sh;
			shellScript = "buildNumber=$(/usr/libexec/PlistBuddy -c \"Print CFBundleVersion\" \"${PROJECT_DIR}/${INFOPLIST_FILE}\")\nbuildNumber=$(($buildNumber + 1))\n/usr/libexec/PlistBuddy -c \"Set :CFBundleVersion $buildNumber\" \"${PROJECT_DIR}/${INFOPLIST_FILE}\"\n";
		};
		7D489839DAB733FE5AEEA7F2 /* [CP] Copy Pods Resources */ = {
			isa = PBXShellScriptBuildPhase;
			buildActionMask = 2147483647;
			files = (
			);
			inputFileListPaths = (
				"${PODS_ROOT}/Target Support Files/Pods-Gossp/Pods-Gossp-resources-${CONFIGURATION}-input-files.xcfilelist",
			);
			name = "[CP] Copy Pods Resources";
			outputFileListPaths = (
				"${PODS_ROOT}/Target Support Files/Pods-Gossp/Pods-Gossp-resources-${CONFIGURATION}-output-files.xcfilelist",
			);
			runOnlyForDeploymentPostprocessing = 0;
			shellPath = /bin/sh;
			shellScript = "\"${PODS_ROOT}/Target Support Files/Pods-Gossp/Pods-Gossp-resources.sh\"\n";
			showEnvVarsInLog = 0;
		};
		B941EBB62043A836450B094A /* [CP] Embed Pods Frameworks */ = {
			isa = PBXShellScriptBuildPhase;
			buildActionMask = 2147483647;
			files = (
			);
			inputFileListPaths = (
				"${PODS_ROOT}/Target Support Files/Pods-Gossp/Pods-Gossp-frameworks-${CONFIGURATION}-input-files.xcfilelist",
			);
			name = "[CP] Embed Pods Frameworks";
			outputFileListPaths = (
				"${PODS_ROOT}/Target Support Files/Pods-Gossp/Pods-Gossp-frameworks-${CONFIGURATION}-output-files.xcfilelist",
			);
			runOnlyForDeploymentPostprocessing = 0;
			shellPath = /bin/sh;
			shellScript = "\"${PODS_ROOT}/Target Support Files/Pods-Gossp/Pods-Gossp-frameworks.sh\"\n";
			showEnvVarsInLog = 0;
		};
		FC5422B7096419B4534FB1E5 /* [CP] Check Pods Manifest.lock */ = {
			isa = PBXShellScriptBuildPhase;
			buildActionMask = 2147483647;
			files = (
			);
			inputFileListPaths = (
			);
			inputPaths = (
				"${PODS_PODFILE_DIR_PATH}/Podfile.lock",
				"${PODS_ROOT}/Manifest.lock",
			);
			name = "[CP] Check Pods Manifest.lock";
			outputFileListPaths = (
			);
			outputPaths = (
				"$(DERIVED_FILE_DIR)/Pods-Gossp-checkManifestLockResult.txt",
			);
			runOnlyForDeploymentPostprocessing = 0;
			shellPath = /bin/sh;
			shellScript = "diff \"${PODS_PODFILE_DIR_PATH}/Podfile.lock\" \"${PODS_ROOT}/Manifest.lock\" > /dev/null\nif [ $? != 0 ] ; then\n    # print error to STDERR\n    echo \"error: The sandbox is not in sync with the Podfile.lock. Run 'pod install' or update your CocoaPods installation.\" >&2\n    exit 1\nfi\n# This output is used by Xcode 'outputs' to avoid re-running this script phase.\necho \"SUCCESS\" > \"${SCRIPT_OUTPUT_FILE_0}\"\n";
			showEnvVarsInLog = 0;
		};
/* End PBXShellScriptBuildPhase section */

/* Begin PBXSourcesBuildPhase section */
		7039B0E024E32D2E00EDCB35 /* Sources */ = {
			isa = PBXSourcesBuildPhase;
			buildActionMask = 2147483647;
			files = (
				7039B0E724E32D2E00EDCB35 /* NotificationService.swift in Sources */,
			);
			runOnlyForDeploymentPostprocessing = 0;
		};
		70635B6724D725A60032F072 /* Sources */ = {
			isa = PBXSourcesBuildPhase;
			buildActionMask = 2147483647;
			files = (
				7062D1D324E183EB007992D9 /* LocationsListCellTableViewCell.swift in Sources */,
				70800D0A24F98BA600B3942D /* TagableListScrollView.swift in Sources */,
				708F496424E1DAB10050A828 /* VouchingViewController.swift in Sources */,
				70635B6F24D725A60032F072 /* AppDelegate.swift in Sources */,
				7015868D24F1ABDA00497839 /* LocationGosspsTableViewController.swift in Sources */,
				703C43DE24D7316C003B1B50 /* Extentions.swift in Sources */,
				7006721824F4235600BA0A28 /* CreateGosspViewController.swift in Sources */,
				7006721A24F4237700BA0A28 /* ShowGosspDetailsViewController.swift in Sources */,
				70DCA3C4250E8F5900C8032C /* SettingsViewController.swift in Sources */,
				7076AC0924D821180046103C /* PrivateSDKKeys.swift in Sources */,
				70635B8324D7292E0032F072 /* MapViewController.swift in Sources */,
				708F496624E1DAE00050A828 /* AddLocationTableViewCell.swift in Sources */,
				7049E3E024E01F3C0042A769 /* PhoneLoginViewController.swift in Sources */,
				704725C924E1C2BA00A5782D /* GosspTableViewCell.swift in Sources */,
				703C43DC24D7314C003B1B50 /* Global.swift in Sources */,
			);
			runOnlyForDeploymentPostprocessing = 0;
		};
/* End PBXSourcesBuildPhase section */

/* Begin PBXTargetDependency section */
		7039B0EA24E32D2E00EDCB35 /* PBXTargetDependency */ = {
			isa = PBXTargetDependency;
			target = 7039B0E324E32D2E00EDCB35 /* OneSignalNotificationServiceExtension */;
			targetProxy = 7039B0E924E32D2E00EDCB35 /* PBXContainerItemProxy */;
		};
/* End PBXTargetDependency section */

/* Begin PBXVariantGroup section */
		70635B7424D725A60032F072 /* Main.storyboard */ = {
			isa = PBXVariantGroup;
			children = (
				70635B7524D725A60032F072 /* Base */,
			);
			name = Main.storyboard;
			sourceTree = "<group>";
		};
		70635B7924D725AD0032F072 /* LaunchScreen.storyboard */ = {
			isa = PBXVariantGroup;
			children = (
				70635B7A24D725AD0032F072 /* Base */,
			);
			name = LaunchScreen.storyboard;
			sourceTree = "<group>";
		};
/* End PBXVariantGroup section */

/* Begin XCBuildConfiguration section */
		7039B0ED24E32D2E00EDCB35 /* Debug */ = {
			isa = XCBuildConfiguration;
			baseConfigurationReference = 8150F463EBB9DB9D11E493A6 /* Pods-OneSignalNotificationServiceExtension.debug.xcconfig */;
			buildSettings = {
				CODE_SIGN_STYLE = Automatic;
				DEVELOPMENT_TEAM = 3NU6W7THDN;
				INFOPLIST_FILE = OneSignalNotificationServiceExtension/Info.plist;
				IPHONEOS_DEPLOYMENT_TARGET = 10.0;
				LD_RUNPATH_SEARCH_PATHS = (
					"$(inherited)",
					"@executable_path/Frameworks",
					"@executable_path/../../Frameworks",
				);
				PRODUCT_BUNDLE_IDENTIFIER = com.kkaray.Gossp.OneSignalNotificationServiceExtension;
				PRODUCT_NAME = "$(TARGET_NAME)";
				SKIP_INSTALL = YES;
				SWIFT_VERSION = 5.0;
				TARGETED_DEVICE_FAMILY = "1,2";
			};
			name = Debug;
		};
		7039B0EE24E32D2E00EDCB35 /* Release */ = {
			isa = XCBuildConfiguration;
			baseConfigurationReference = F9973746945927C6F89EB1F7 /* Pods-OneSignalNotificationServiceExtension.release.xcconfig */;
			buildSettings = {
				CODE_SIGN_STYLE = Automatic;
				DEVELOPMENT_TEAM = 3NU6W7THDN;
				INFOPLIST_FILE = OneSignalNotificationServiceExtension/Info.plist;
				IPHONEOS_DEPLOYMENT_TARGET = 10.0;
				LD_RUNPATH_SEARCH_PATHS = (
					"$(inherited)",
					"@executable_path/Frameworks",
					"@executable_path/../../Frameworks",
				);
				PRODUCT_BUNDLE_IDENTIFIER = com.kkaray.Gossp.OneSignalNotificationServiceExtension;
				PRODUCT_NAME = "$(TARGET_NAME)";
				SKIP_INSTALL = YES;
				SWIFT_VERSION = 5.0;
				TARGETED_DEVICE_FAMILY = "1,2";
			};
			name = Release;
		};
		70635B7D24D725AD0032F072 /* Debug */ = {
			isa = XCBuildConfiguration;
			buildSettings = {
				ALWAYS_SEARCH_USER_PATHS = NO;
				CLANG_ANALYZER_NONNULL = YES;
				CLANG_ANALYZER_NUMBER_OBJECT_CONVERSION = YES_AGGRESSIVE;
				CLANG_CXX_LANGUAGE_STANDARD = "gnu++14";
				CLANG_CXX_LIBRARY = "libc++";
				CLANG_ENABLE_MODULES = YES;
				CLANG_ENABLE_OBJC_ARC = YES;
				CLANG_ENABLE_OBJC_WEAK = YES;
				CLANG_WARN_BLOCK_CAPTURE_AUTORELEASING = YES;
				CLANG_WARN_BOOL_CONVERSION = YES;
				CLANG_WARN_COMMA = YES;
				CLANG_WARN_CONSTANT_CONVERSION = YES;
				CLANG_WARN_DEPRECATED_OBJC_IMPLEMENTATIONS = YES;
				CLANG_WARN_DIRECT_OBJC_ISA_USAGE = YES_ERROR;
				CLANG_WARN_DOCUMENTATION_COMMENTS = YES;
				CLANG_WARN_EMPTY_BODY = YES;
				CLANG_WARN_ENUM_CONVERSION = YES;
				CLANG_WARN_INFINITE_RECURSION = YES;
				CLANG_WARN_INT_CONVERSION = YES;
				CLANG_WARN_NON_LITERAL_NULL_CONVERSION = YES;
				CLANG_WARN_OBJC_IMPLICIT_RETAIN_SELF = YES;
				CLANG_WARN_OBJC_LITERAL_CONVERSION = YES;
				CLANG_WARN_OBJC_ROOT_CLASS = YES_ERROR;
				CLANG_WARN_RANGE_LOOP_ANALYSIS = YES;
				CLANG_WARN_STRICT_PROTOTYPES = YES;
				CLANG_WARN_SUSPICIOUS_MOVE = YES;
				CLANG_WARN_UNGUARDED_AVAILABILITY = YES_AGGRESSIVE;
				CLANG_WARN_UNREACHABLE_CODE = YES;
				CLANG_WARN__DUPLICATE_METHOD_MATCH = YES;
				COPY_PHASE_STRIP = NO;
				DEBUG_INFORMATION_FORMAT = dwarf;
				ENABLE_STRICT_OBJC_MSGSEND = YES;
				ENABLE_TESTABILITY = YES;
				GCC_C_LANGUAGE_STANDARD = gnu11;
				GCC_DYNAMIC_NO_PIC = NO;
				GCC_NO_COMMON_BLOCKS = YES;
				GCC_OPTIMIZATION_LEVEL = 0;
				GCC_PREPROCESSOR_DEFINITIONS = (
					"DEBUG=1",
					"$(inherited)",
				);
				GCC_WARN_64_TO_32_BIT_CONVERSION = YES;
				GCC_WARN_ABOUT_RETURN_TYPE = YES_ERROR;
				GCC_WARN_UNDECLARED_SELECTOR = YES;
				GCC_WARN_UNINITIALIZED_AUTOS = YES_AGGRESSIVE;
				GCC_WARN_UNUSED_FUNCTION = YES;
				GCC_WARN_UNUSED_VARIABLE = YES;
				IPHONEOS_DEPLOYMENT_TARGET = 13.5;
				MTL_ENABLE_DEBUG_INFO = INCLUDE_SOURCE;
				MTL_FAST_MATH = YES;
				ONLY_ACTIVE_ARCH = YES;
				SDKROOT = iphoneos;
				SWIFT_ACTIVE_COMPILATION_CONDITIONS = DEBUG;
				SWIFT_OPTIMIZATION_LEVEL = "-Onone";
			};
			name = Debug;
		};
		70635B7E24D725AD0032F072 /* Release */ = {
			isa = XCBuildConfiguration;
			buildSettings = {
				ALWAYS_SEARCH_USER_PATHS = NO;
				CLANG_ANALYZER_NONNULL = YES;
				CLANG_ANALYZER_NUMBER_OBJECT_CONVERSION = YES_AGGRESSIVE;
				CLANG_CXX_LANGUAGE_STANDARD = "gnu++14";
				CLANG_CXX_LIBRARY = "libc++";
				CLANG_ENABLE_MODULES = YES;
				CLANG_ENABLE_OBJC_ARC = YES;
				CLANG_ENABLE_OBJC_WEAK = YES;
				CLANG_WARN_BLOCK_CAPTURE_AUTORELEASING = YES;
				CLANG_WARN_BOOL_CONVERSION = YES;
				CLANG_WARN_COMMA = YES;
				CLANG_WARN_CONSTANT_CONVERSION = YES;
				CLANG_WARN_DEPRECATED_OBJC_IMPLEMENTATIONS = YES;
				CLANG_WARN_DIRECT_OBJC_ISA_USAGE = YES_ERROR;
				CLANG_WARN_DOCUMENTATION_COMMENTS = YES;
				CLANG_WARN_EMPTY_BODY = YES;
				CLANG_WARN_ENUM_CONVERSION = YES;
				CLANG_WARN_INFINITE_RECURSION = YES;
				CLANG_WARN_INT_CONVERSION = YES;
				CLANG_WARN_NON_LITERAL_NULL_CONVERSION = YES;
				CLANG_WARN_OBJC_IMPLICIT_RETAIN_SELF = YES;
				CLANG_WARN_OBJC_LITERAL_CONVERSION = YES;
				CLANG_WARN_OBJC_ROOT_CLASS = YES_ERROR;
				CLANG_WARN_RANGE_LOOP_ANALYSIS = YES;
				CLANG_WARN_STRICT_PROTOTYPES = YES;
				CLANG_WARN_SUSPICIOUS_MOVE = YES;
				CLANG_WARN_UNGUARDED_AVAILABILITY = YES_AGGRESSIVE;
				CLANG_WARN_UNREACHABLE_CODE = YES;
				CLANG_WARN__DUPLICATE_METHOD_MATCH = YES;
				COPY_PHASE_STRIP = NO;
				DEBUG_INFORMATION_FORMAT = "dwarf-with-dsym";
				ENABLE_NS_ASSERTIONS = NO;
				ENABLE_STRICT_OBJC_MSGSEND = YES;
				GCC_C_LANGUAGE_STANDARD = gnu11;
				GCC_NO_COMMON_BLOCKS = YES;
				GCC_WARN_64_TO_32_BIT_CONVERSION = YES;
				GCC_WARN_ABOUT_RETURN_TYPE = YES_ERROR;
				GCC_WARN_UNDECLARED_SELECTOR = YES;
				GCC_WARN_UNINITIALIZED_AUTOS = YES_AGGRESSIVE;
				GCC_WARN_UNUSED_FUNCTION = YES;
				GCC_WARN_UNUSED_VARIABLE = YES;
				IPHONEOS_DEPLOYMENT_TARGET = 13.5;
				MTL_ENABLE_DEBUG_INFO = NO;
				MTL_FAST_MATH = YES;
				SDKROOT = iphoneos;
				SWIFT_COMPILATION_MODE = wholemodule;
				SWIFT_OPTIMIZATION_LEVEL = "-O";
				VALIDATE_PRODUCT = YES;
			};
			name = Release;
		};
		70635B8024D725AD0032F072 /* Debug */ = {
			isa = XCBuildConfiguration;
			baseConfigurationReference = C67DDAC3F7F362333BAED061 /* Pods-Gossp.debug.xcconfig */;
			buildSettings = {
				ALWAYS_EMBED_SWIFT_STANDARD_LIBRARIES = YES;
				ASSETCATALOG_COMPILER_APPICON_NAME = GosspMors;
				CODE_SIGN_ENTITLEMENTS = Gossp/Gossp.entitlements;
				CODE_SIGN_STYLE = Manual;
				CURRENT_PROJECT_VERSION = 54;
				DEVELOPMENT_TEAM = 3NU6W7THDN;
				INFOPLIST_FILE = Gossp/Info.plist;
				IPHONEOS_DEPLOYMENT_TARGET = 12.2;
				LD_RUNPATH_SEARCH_PATHS = (
					"$(inherited)",
					"@executable_path/Frameworks",
				);
				PRODUCT_BUNDLE_IDENTIFIER = com.kkaray.Gossp;
				PRODUCT_NAME = "$(TARGET_NAME)";
				PROVISIONING_PROFILE_SPECIFIER = "Gossp Development Provisioning Profile";
				SWIFT_VERSION = 5.0;
				TARGETED_DEVICE_FAMILY = "1,2";
			};
			name = Debug;
		};
		70635B8124D725AD0032F072 /* Release */ = {
			isa = XCBuildConfiguration;
			baseConfigurationReference = 1CD882CD4F288D4723DCFD39 /* Pods-Gossp.release.xcconfig */;
			buildSettings = {
				ALWAYS_EMBED_SWIFT_STANDARD_LIBRARIES = YES;
				ASSETCATALOG_COMPILER_APPICON_NAME = GosspMors;
				CODE_SIGN_ENTITLEMENTS = Gossp/Gossp.entitlements;
				CODE_SIGN_STYLE = Automatic;
				CURRENT_PROJECT_VERSION = 54;
				DEVELOPMENT_TEAM = 3NU6W7THDN;
				INFOPLIST_FILE = Gossp/Info.plist;
				IPHONEOS_DEPLOYMENT_TARGET = 12.2;
				LD_RUNPATH_SEARCH_PATHS = (
					"$(inherited)",
					"@executable_path/Frameworks",
				);
				PRODUCT_BUNDLE_IDENTIFIER = com.kkaray.Gossp;
				PRODUCT_NAME = "$(TARGET_NAME)";
				SWIFT_VERSION = 5.0;
				TARGETED_DEVICE_FAMILY = "1,2";
			};
			name = Release;
		};
/* End XCBuildConfiguration section */

/* Begin XCConfigurationList section */
		7039B0EF24E32D2E00EDCB35 /* Build configuration list for PBXNativeTarget "OneSignalNotificationServiceExtension" */ = {
			isa = XCConfigurationList;
			buildConfigurations = (
				7039B0ED24E32D2E00EDCB35 /* Debug */,
				7039B0EE24E32D2E00EDCB35 /* Release */,
			);
			defaultConfigurationIsVisible = 0;
			defaultConfigurationName = Release;
		};
		70635B6624D725A60032F072 /* Build configuration list for PBXProject "Gossp" */ = {
			isa = XCConfigurationList;
			buildConfigurations = (
				70635B7D24D725AD0032F072 /* Debug */,
				70635B7E24D725AD0032F072 /* Release */,
			);
			defaultConfigurationIsVisible = 0;
			defaultConfigurationName = Release;
		};
		70635B7F24D725AD0032F072 /* Build configuration list for PBXNativeTarget "Gossp" */ = {
			isa = XCConfigurationList;
			buildConfigurations = (
				70635B8024D725AD0032F072 /* Debug */,
				70635B8124D725AD0032F072 /* Release */,
			);
			defaultConfigurationIsVisible = 0;
			defaultConfigurationName = Release;
		};
/* End XCConfigurationList section */

/* Begin XCRemoteSwiftPackageReference section */
		7095921A24F835E800C79354 /* XCRemoteSwiftPackageReference "MarqueeLabel" */ = {
			isa = XCRemoteSwiftPackageReference;
			repositoryURL = "https://github.com/cbpowell/MarqueeLabel.git";
			requirement = {
				kind = upToNextMajorVersion;
				minimumVersion = 4.0.2;
			};
		};
		70D7621324ED2FC4001604C0 /* XCRemoteSwiftPackageReference "CircularProgressView" */ = {
			isa = XCRemoteSwiftPackageReference;
			repositoryURL = "https://github.com/bdolewski/CircularProgressView.git";
			requirement = {
				kind = upToNextMajorVersion;
				minimumVersion = 1.0.1;
			};
		};
/* End XCRemoteSwiftPackageReference section */

/* Begin XCSwiftPackageProductDependency section */
		7095921B24F835E800C79354 /* MarqueeLabel */ = {
			isa = XCSwiftPackageProductDependency;
			package = 7095921A24F835E800C79354 /* XCRemoteSwiftPackageReference "MarqueeLabel" */;
			productName = MarqueeLabel;
		};
		70D7621424ED2FC4001604C0 /* CircularProgressView */ = {
			isa = XCSwiftPackageProductDependency;
			package = 70D7621324ED2FC4001604C0 /* XCRemoteSwiftPackageReference "CircularProgressView" */;
			productName = CircularProgressView;
		};
/* End XCSwiftPackageProductDependency section */
	};
	rootObject = 70635B6324D725A60032F072 /* Project object */;
}
